
Microsoft Visual Studio Solution File, Format Version 12.00
# Visual Studio Version 17
VisualStudioVersion = 17.4.33205.214
MinimumVisualStudioVersion = 10.0.40219.1
Project("{FAE04EC0-301F-11D3-BF4B-00C04F79EFBC}") = "Bilet8", "Bilet8\Bilet8.csproj", "{435A8711-FD9C-4E02-9E06-74E621ED9DAA}"
EndProject
Global
	GlobalSection(SolutionConfigurationPlatforms) = preSolution
		Debug|Any CPU = Debug|Any CPU
		Release|Any CPU = Release|Any CPU
	EndGlobalSection
	GlobalSection(ProjectConfigurationPlatforms) = postSolution
		{435A8711-FD9C-4E02-9E06-74E621ED9DAA}.Debug|Any CPU.ActiveCfg = Debug|Any CPU
		{435A8711-FD9C-4E02-9E06-74E621ED9DAA}.Debug|Any CPU.Build.0 = Debug|Any CPU
		{435A8711-FD9C-4E02-9E06-74E621ED9DAA}.Release|Any CPU.ActiveCfg = Release|Any CPU
		{435A8711-FD9C-4E02-9E06-74E621ED9DAA}.Release|Any CPU.Build.0 = Release|Any CPU
	EndGlobalSection
	GlobalSection(SolutionProperties) = preSolution
		HideSolutionNode = FALSE
	EndGlobalSection
	GlobalSection(ExtensibilityGlobals) = postSolution
		SolutionGuid = {244A16A8-B189-479A-97BC-958C5A15B3F7}
	EndGlobalSection
EndGlobal
